// !$*UTF8*$!
{
	archiveVersion = 1;
	classes = {
	};
	objectVersion = 50;
	objects = {

/* Begin PBXBuildFile section */
		54105259230C0FBD0046FB64 /* AppDelegate.swift in Sources */ = {isa = PBXBuildFile; fileRef = 54105258230C0FBD0046FB64 /* AppDelegate.swift */; };
		5410525B230C0FBD0046FB64 /* ViewController.swift in Sources */ = {isa = PBXBuildFile; fileRef = 5410525A230C0FBD0046FB64 /* ViewController.swift */; };
		5410525E230C0FBD0046FB64 /* Main.storyboard in Resources */ = {isa = PBXBuildFile; fileRef = 5410525C230C0FBD0046FB64 /* Main.storyboard */; };
		54105260230C0FBF0046FB64 /* Assets.xcassets in Resources */ = {isa = PBXBuildFile; fileRef = 5410525F230C0FBF0046FB64 /* Assets.xcassets */; };
		54105263230C0FBF0046FB64 /* LaunchScreen.storyboard in Resources */ = {isa = PBXBuildFile; fileRef = 54105261230C0FBF0046FB64 /* LaunchScreen.storyboard */; };
		5410526D230C10600046FB64 /* VotingCollectionView.swift in Sources */ = {isa = PBXBuildFile; fileRef = 5410526C230C10600046FB64 /* VotingCollectionView.swift */; };
		54105271230C108F0046FB64 /* VotingCollectionViewCell.swift in Sources */ = {isa = PBXBuildFile; fileRef = 5410526F230C108F0046FB64 /* VotingCollectionViewCell.swift */; };
		54105272230C108F0046FB64 /* VotingCollectionViewCell.xib in Resources */ = {isa = PBXBuildFile; fileRef = 54105270230C108F0046FB64 /* VotingCollectionViewCell.xib */; };
		54105274230D59CE0046FB64 /* TrapeziumView.swift in Sources */ = {isa = PBXBuildFile; fileRef = 54105273230D59CE0046FB64 /* TrapeziumView.swift */; };
		7FF28002230FF2190019E749 /* AdaptVotingPointsCell.xib in Resources */ = {isa = PBXBuildFile; fileRef = 7FF27FF4230FF2190019E749 /* AdaptVotingPointsCell.xib */; };
		7FF28004230FF2190019E749 /* AdaptVotingGearView.swift in Sources */ = {isa = PBXBuildFile; fileRef = 7FF27FF6230FF2190019E749 /* AdaptVotingGearView.swift */; };
		7FF28006230FF2190019E749 /* AdaptVotingLogoCell.xib in Resources */ = {isa = PBXBuildFile; fileRef = 7FF27FF8230FF2190019E749 /* AdaptVotingLogoCell.xib */; };
		7FF28007230FF2190019E749 /* AdaptVotingLogoCell.swift in Sources */ = {isa = PBXBuildFile; fileRef = 7FF27FF9230FF2190019E749 /* AdaptVotingLogoCell.swift */; };
		7FF2800A230FF2190019E749 /* AdaptVotingPointsCell.swift in Sources */ = {isa = PBXBuildFile; fileRef = 7FF27FFE230FF2190019E749 /* AdaptVotingPointsCell.swift */; };
		7FF2800B230FF2190019E749 /* AdaptVotingGearView.xib in Resources */ = {isa = PBXBuildFile; fileRef = 7FF27FFF230FF2190019E749 /* AdaptVotingGearView.xib */; };
/* End PBXBuildFile section */

/* Begin PBXFileReference section */
		54105255230C0FBD0046FB64 /* VotingSwipeView.app */ = {isa = PBXFileReference; explicitFileType = wrapper.application; includeInIndex = 0; path = VotingSwipeView.app; sourceTree = BUILT_PRODUCTS_DIR; };
		54105258230C0FBD0046FB64 /* AppDelegate.swift */ = {isa = PBXFileReference; lastKnownFileType = sourcecode.swift; path = AppDelegate.swift; sourceTree = "<group>"; };
		5410525A230C0FBD0046FB64 /* ViewController.swift */ = {isa = PBXFileReference; lastKnownFileType = sourcecode.swift; path = ViewController.swift; sourceTree = "<group>"; };
		5410525D230C0FBD0046FB64 /* Base */ = {isa = PBXFileReference; lastKnownFileType = file.storyboard; name = Base; path = Base.lproj/Main.storyboard; sourceTree = "<group>"; };
		5410525F230C0FBF0046FB64 /* Assets.xcassets */ = {isa = PBXFileReference; lastKnownFileType = folder.assetcatalog; path = Assets.xcassets; sourceTree = "<group>"; };
		54105262230C0FBF0046FB64 /* Base */ = {isa = PBXFileReference; lastKnownFileType = file.storyboard; name = Base; path = Base.lproj/LaunchScreen.storyboard; sourceTree = "<group>"; };
		54105264230C0FBF0046FB64 /* Info.plist */ = {isa = PBXFileReference; lastKnownFileType = text.plist.xml; path = Info.plist; sourceTree = "<group>"; };
		5410526C230C10600046FB64 /* VotingCollectionView.swift */ = {isa = PBXFileReference; lastKnownFileType = sourcecode.swift; path = VotingCollectionView.swift; sourceTree = "<group>"; };
		5410526F230C108F0046FB64 /* VotingCollectionViewCell.swift */ = {isa = PBXFileReference; lastKnownFileType = sourcecode.swift; path = VotingCollectionViewCell.swift; sourceTree = "<group>"; };
		54105270230C108F0046FB64 /* VotingCollectionViewCell.xib */ = {isa = PBXFileReference; lastKnownFileType = file.xib; path = VotingCollectionViewCell.xib; sourceTree = "<group>"; };
		54105273230D59CE0046FB64 /* TrapeziumView.swift */ = {isa = PBXFileReference; lastKnownFileType = sourcecode.swift; path = TrapeziumView.swift; sourceTree = "<group>"; };
		7FF27FF4230FF2190019E749 /* AdaptVotingPointsCell.xib */ = {isa = PBXFileReference; fileEncoding = 4; lastKnownFileType = file.xib; path = AdaptVotingPointsCell.xib; sourceTree = "<group>"; };
		7FF27FF6230FF2190019E749 /* AdaptVotingGearView.swift */ = {isa = PBXFileReference; fileEncoding = 4; lastKnownFileType = sourcecode.swift; path = AdaptVotingGearView.swift; sourceTree = "<group>"; };
		7FF27FF8230FF2190019E749 /* AdaptVotingLogoCell.xib */ = {isa = PBXFileReference; fileEncoding = 4; lastKnownFileType = file.xib; path = AdaptVotingLogoCell.xib; sourceTree = "<group>"; };
		7FF27FF9230FF2190019E749 /* AdaptVotingLogoCell.swift */ = {isa = PBXFileReference; fileEncoding = 4; lastKnownFileType = sourcecode.swift; path = AdaptVotingLogoCell.swift; sourceTree = "<group>"; };
		7FF27FFE230FF2190019E749 /* AdaptVotingPointsCell.swift */ = {isa = PBXFileReference; fileEncoding = 4; lastKnownFileType = sourcecode.swift; path = AdaptVotingPointsCell.swift; sourceTree = "<group>"; };
		7FF27FFF230FF2190019E749 /* AdaptVotingGearView.xib */ = {isa = PBXFileReference; fileEncoding = 4; lastKnownFileType = file.xib; path = AdaptVotingGearView.xib; sourceTree = "<group>"; };
/* End PBXFileReference section */

/* Begin PBXFrameworksBuildPhase section */
		54105252230C0FBD0046FB64 /* Frameworks */ = {
			isa = PBXFrameworksBuildPhase;
			buildActionMask = 2147483647;
			files = (
			);
			runOnlyForDeploymentPostprocessing = 0;
		};
/* End PBXFrameworksBuildPhase section */

/* Begin PBXGroup section */
		5410524C230C0FBD0046FB64 = {
			isa = PBXGroup;
			children = (
				54105257230C0FBD0046FB64 /* VotingSwipeView */,
				54105256230C0FBD0046FB64 /* Products */,
			);
			sourceTree = "<group>";
		};
		54105256230C0FBD0046FB64 /* Products */ = {
			isa = PBXGroup;
			children = (
				54105255230C0FBD0046FB64 /* VotingSwipeView.app */,
			);
			name = Products;
			sourceTree = "<group>";
		};
		54105257230C0FBD0046FB64 /* VotingSwipeView */ = {
			isa = PBXGroup;
			children = (
				7FF27FF3230FF2190019E749 /* AdaptVotingGearView */,
				5410526A230C10430046FB64 /* Views */,
				54105258230C0FBD0046FB64 /* AppDelegate.swift */,
				5410525A230C0FBD0046FB64 /* ViewController.swift */,
				5410525C230C0FBD0046FB64 /* Main.storyboard */,
				5410525F230C0FBF0046FB64 /* Assets.xcassets */,
				54105261230C0FBF0046FB64 /* LaunchScreen.storyboard */,
				54105264230C0FBF0046FB64 /* Info.plist */,
			);
			path = VotingSwipeView;
			sourceTree = "<group>";
		};
		5410526A230C10430046FB64 /* Views */ = {
			isa = PBXGroup;
			children = (
				5410526B230C104C0046FB64 /* CollectionViews */,
				54105273230D59CE0046FB64 /* TrapeziumView.swift */,
			);
			path = Views;
			sourceTree = "<group>";
		};
		5410526B230C104C0046FB64 /* CollectionViews */ = {
			isa = PBXGroup;
			children = (
				5410526E230C10750046FB64 /* Cells */,
				5410526C230C10600046FB64 /* VotingCollectionView.swift */,
			);
			path = CollectionViews;
			sourceTree = "<group>";
		};
		5410526E230C10750046FB64 /* Cells */ = {
			isa = PBXGroup;
			children = (
				5410526F230C108F0046FB64 /* VotingCollectionViewCell.swift */,
				54105270230C108F0046FB64 /* VotingCollectionViewCell.xib */,
			);
			path = Cells;
			sourceTree = "<group>";
		};
		7FF27FF3230FF2190019E749 /* AdaptVotingGearView */ = {
			isa = PBXGroup;
			children = (
				7FF27FF4230FF2190019E749 /* AdaptVotingPointsCell.xib */,
				7FF27FF6230FF2190019E749 /* AdaptVotingGearView.swift */,
				7FF27FF8230FF2190019E749 /* AdaptVotingLogoCell.xib */,
				7FF27FF9230FF2190019E749 /* AdaptVotingLogoCell.swift */,
				7FF27FFE230FF2190019E749 /* AdaptVotingPointsCell.swift */,
				7FF27FFF230FF2190019E749 /* AdaptVotingGearView.xib */,
			);
			path = AdaptVotingGearView;
			sourceTree = "<group>";
		};
/* End PBXGroup section */

/* Begin PBXNativeTarget section */
		54105254230C0FBD0046FB64 /* VotingSwipeView */ = {
			isa = PBXNativeTarget;
			buildConfigurationList = 54105267230C0FBF0046FB64 /* Build configuration list for PBXNativeTarget "VotingSwipeView" */;
			buildPhases = (
				54105251230C0FBD0046FB64 /* Sources */,
				54105252230C0FBD0046FB64 /* Frameworks */,
				54105253230C0FBD0046FB64 /* Resources */,
			);
			buildRules = (
			);
			dependencies = (
			);
			name = VotingSwipeView;
			productName = VotingSwipeView;
			productReference = 54105255230C0FBD0046FB64 /* VotingSwipeView.app */;
			productType = "com.apple.product-type.application";
		};
/* End PBXNativeTarget section */

/* Begin PBXProject section */
		5410524D230C0FBD0046FB64 /* Project object */ = {
			isa = PBXProject;
			attributes = {
				LastSwiftUpdateCheck = 1030;
				LastUpgradeCheck = 1030;
				ORGANIZATIONNAME = "Michael Green";
				TargetAttributes = {
					54105254230C0FBD0046FB64 = {
						CreatedOnToolsVersion = 10.3;
					};
				};
			};
			buildConfigurationList = 54105250230C0FBD0046FB64 /* Build configuration list for PBXProject "VotingSwipeView" */;
			compatibilityVersion = "Xcode 9.3";
			developmentRegion = en;
			hasScannedForEncodings = 0;
			knownRegions = (
				en,
				Base,
			);
			mainGroup = 5410524C230C0FBD0046FB64;
			productRefGroup = 54105256230C0FBD0046FB64 /* Products */;
			projectDirPath = "";
			projectRoot = "";
			targets = (
				54105254230C0FBD0046FB64 /* VotingSwipeView */,
			);
		};
/* End PBXProject section */

/* Begin PBXResourcesBuildPhase section */
		54105253230C0FBD0046FB64 /* Resources */ = {
			isa = PBXResourcesBuildPhase;
			buildActionMask = 2147483647;
			files = (
				54105263230C0FBF0046FB64 /* LaunchScreen.storyboard in Resources */,
				54105260230C0FBF0046FB64 /* Assets.xcassets in Resources */,
				5410525E230C0FBD0046FB64 /* Main.storyboard in Resources */,
				54105272230C108F0046FB64 /* VotingCollectionViewCell.xib in Resources */,
				7FF28006230FF2190019E749 /* AdaptVotingLogoCell.xib in Resources */,
				7FF28002230FF2190019E749 /* AdaptVotingPointsCell.xib in Resources */,
				7FF2800B230FF2190019E749 /* AdaptVotingGearView.xib in Resources */,
			);
			runOnlyForDeploymentPostprocessing = 0;
		};
/* End PBXResourcesBuildPhase section */

/* Begin PBXSourcesBuildPhase section */
		54105251230C0FBD0046FB64 /* Sources */ = {
			isa = PBXSourcesBuildPhase;
			buildActionMask = 2147483647;
			files = (
				5410525B230C0FBD0046FB64 /* ViewController.swift in Sources */,
				7FF28004230FF2190019E749 /* AdaptVotingGearView.swift in Sources */,
				54105259230C0FBD0046FB64 /* AppDelegate.swift in Sources */,
				7FF2800A230FF2190019E749 /* AdaptVotingPointsCell.swift in Sources */,
				5410526D230C10600046FB64 /* VotingCollectionView.swift in Sources */,
				54105271230C108F0046FB64 /* VotingCollectionViewCell.swift in Sources */,
				7FF28007230FF2190019E749 /* AdaptVotingLogoCell.swift in Sources */,
				54105274230D59CE0046FB64 /* TrapeziumView.swift in Sources */,
			);
			runOnlyForDeploymentPostprocessing = 0;
		};
/* End PBXSourcesBuildPhase section */

/* Begin PBXVariantGroup section */
		5410525C230C0FBD0046FB64 /* Main.storyboard */ = {
			isa = PBXVariantGroup;
			children = (
				5410525D230C0FBD0046FB64 /* Base */,
			);
			name = Main.storyboard;
			sourceTree = "<group>";
		};
		54105261230C0FBF0046FB64 /* LaunchScreen.storyboard */ = {
			isa = PBXVariantGroup;
			children = (
				54105262230C0FBF0046FB64 /* Base */,
			);
			name = LaunchScreen.storyboard;
			sourceTree = "<group>";
		};
/* End PBXVariantGroup section */

/* Begin XCBuildConfiguration section */
		54105265230C0FBF0046FB64 /* Debug */ = {
			isa = XCBuildConfiguration;
			buildSettings = {
				ALWAYS_SEARCH_USER_PATHS = NO;
				CLANG_ANALYZER_NONNULL = YES;
				CLANG_ANALYZER_NUMBER_OBJECT_CONVERSION = YES_AGGRESSIVE;
				CLANG_CXX_LANGUAGE_STANDARD = "gnu++14";
				CLANG_CXX_LIBRARY = "libc++";
				CLANG_ENABLE_MODULES = YES;
				CLANG_ENABLE_OBJC_ARC = YES;
				CLANG_ENABLE_OBJC_WEAK = YES;
				CLANG_WARN_BLOCK_CAPTURE_AUTORELEASING = YES;
				CLANG_WARN_BOOL_CONVERSION = YES;
				CLANG_WARN_COMMA = YES;
				CLANG_WARN_CONSTANT_CONVERSION = YES;
				CLANG_WARN_DEPRECATED_OBJC_IMPLEMENTATIONS = YES;
				CLANG_WARN_DIRECT_OBJC_ISA_USAGE = YES_ERROR;
				CLANG_WARN_DOCUMENTATION_COMMENTS = YES;
				CLANG_WARN_EMPTY_BODY = YES;
				CLANG_WARN_ENUM_CONVERSION = YES;
				CLANG_WARN_INFINITE_RECURSION = YES;
				CLANG_WARN_INT_CONVERSION = YES;
				CLANG_WARN_NON_LITERAL_NULL_CONVERSION = YES;
				CLANG_WARN_OBJC_IMPLICIT_RETAIN_SELF = YES;
				CLANG_WARN_OBJC_LITERAL_CONVERSION = YES;
				CLANG_WARN_OBJC_ROOT_CLASS = YES_ERROR;
				CLANG_WARN_RANGE_LOOP_ANALYSIS = YES;
				CLANG_WARN_STRICT_PROTOTYPES = YES;
				CLANG_WARN_SUSPICIOUS_MOVE = YES;
				CLANG_WARN_UNGUARDED_AVAILABILITY = YES_AGGRESSIVE;
				CLANG_WARN_UNREACHABLE_CODE = YES;
				CLANG_WARN__DUPLICATE_METHOD_MATCH = YES;
				CODE_SIGN_IDENTITY = "iPhone Developer";
				COPY_PHASE_STRIP = NO;
				DEBUG_INFORMATION_FORMAT = dwarf;
				ENABLE_STRICT_OBJC_MSGSEND = YES;
				ENABLE_TESTABILITY = YES;
				GCC_C_LANGUAGE_STANDARD = gnu11;
				GCC_DYNAMIC_NO_PIC = NO;
				GCC_NO_COMMON_BLOCKS = YES;
				GCC_OPTIMIZATION_LEVEL = 0;
				GCC_PREPROCESSOR_DEFINITIONS = (
					"DEBUG=1",
					"$(inherited)",
				);
				GCC_WARN_64_TO_32_BIT_CONVERSION = YES;
				GCC_WARN_ABOUT_RETURN_TYPE = YES_ERROR;
				GCC_WARN_UNDECLARED_SELECTOR = YES;
				GCC_WARN_UNINITIALIZED_AUTOS = YES_AGGRESSIVE;
				GCC_WARN_UNUSED_FUNCTION = YES;
				GCC_WARN_UNUSED_VARIABLE = YES;
				IPHONEOS_DEPLOYMENT_TARGET = 12.4;
				MTL_ENABLE_DEBUG_INFO = INCLUDE_SOURCE;
				MTL_FAST_MATH = YES;
				ONLY_ACTIVE_ARCH = YES;
				SDKROOT = iphoneos;
				SWIFT_ACTIVE_COMPILATION_CONDITIONS = DEBUG;
				SWIFT_OPTIMIZATION_LEVEL = "-Onone";
			};
			name = Debug;
		};
		54105266230C0FBF0046FB64 /* Release */ = {
			isa = XCBuildConfiguration;
			buildSettings = {
				ALWAYS_SEARCH_USER_PATHS = NO;
				CLANG_ANALYZER_NONNULL = YES;
				CLANG_ANALYZER_NUMBER_OBJECT_CONVERSION = YES_AGGRESSIVE;
				CLANG_CXX_LANGUAGE_STANDARD = "gnu++14";
				CLANG_CXX_LIBRARY = "libc++";
				CLANG_ENABLE_MODULES = YES;
				CLANG_ENABLE_OBJC_ARC = YES;
				CLANG_ENABLE_OBJC_WEAK = YES;
				CLANG_WARN_BLOCK_CAPTURE_AUTORELEASING = YES;
				CLANG_WARN_BOOL_CONVERSION = YES;
				CLANG_WARN_COMMA = YES;
				CLANG_WARN_CONSTANT_CONVERSION = YES;
				CLANG_WARN_DEPRECATED_OBJC_IMPLEMENTATIONS = YES;
				CLANG_WARN_DIRECT_OBJC_ISA_USAGE = YES_ERROR;
				CLANG_WARN_DOCUMENTATION_COMMENTS = YES;
				CLANG_WARN_EMPTY_BODY = YES;
				CLANG_WARN_ENUM_CONVERSION = YES;
				CLANG_WARN_INFINITE_RECURSION = YES;
				CLANG_WARN_INT_CONVERSION = YES;
				CLANG_WARN_NON_LITERAL_NULL_CONVERSION = YES;
				CLANG_WARN_OBJC_IMPLICIT_RETAIN_SELF = YES;
				CLANG_WARN_OBJC_LITERAL_CONVERSION = YES;
				CLANG_WARN_OBJC_ROOT_CLASS = YES_ERROR;
				CLANG_WARN_RANGE_LOOP_ANALYSIS = YES;
				CLANG_WARN_STRICT_PROTOTYPES = YES;
				CLANG_WARN_SUSPICIOUS_MOVE = YES;
				CLANG_WARN_UNGUARDED_AVAILABILITY = YES_AGGRESSIVE;
				CLANG_WARN_UNREACHABLE_CODE = YES;
				CLANG_WARN__DUPLICATE_METHOD_MATCH = YES;
				CODE_SIGN_IDENTITY = "iPhone Developer";
				COPY_PHASE_STRIP = NO;
				DEBUG_INFORMATION_FORMAT = "dwarf-with-dsym";
				ENABLE_NS_ASSERTIONS = NO;
				ENABLE_STRICT_OBJC_MSGSEND = YES;
				GCC_C_LANGUAGE_STANDARD = gnu11;
				GCC_NO_COMMON_BLOCKS = YES;
				GCC_WARN_64_TO_32_BIT_CONVERSION = YES;
				GCC_WARN_ABOUT_RETURN_TYPE = YES_ERROR;
				GCC_WARN_UNDECLARED_SELECTOR = YES;
				GCC_WARN_UNINITIALIZED_AUTOS = YES_AGGRESSIVE;
				GCC_WARN_UNUSED_FUNCTION = YES;
				GCC_WARN_UNUSED_VARIABLE = YES;
				IPHONEOS_DEPLOYMENT_TARGET = 12.4;
				MTL_ENABLE_DEBUG_INFO = NO;
				MTL_FAST_MATH = YES;
				SDKROOT = iphoneos;
				SWIFT_COMPILATION_MODE = wholemodule;
				SWIFT_OPTIMIZATION_LEVEL = "-O";
				VALIDATE_PRODUCT = YES;
			};
			name = Release;
		};
		54105268230C0FBF0046FB64 /* Debug */ = {
			isa = XCBuildConfiguration;
			buildSettings = {
				ASSETCATALOG_COMPILER_APPICON_NAME = AppIcon;
				CODE_SIGN_IDENTITY = "iPhone Developer";
				CODE_SIGN_STYLE = Automatic;
				DEVELOPMENT_TEAM = JPKR9UY5JW;
				INFOPLIST_FILE = VotingSwipeView/Info.plist;
				LD_RUNPATH_SEARCH_PATHS = (
					"$(inherited)",
					"@executable_path/Frameworks",
				);
				PRODUCT_BUNDLE_IDENTIFIER = com.chackle.VotingSwipeView;
				PRODUCT_NAME = "$(TARGET_NAME)";
				PROVISIONING_PROFILE_SPECIFIER = "";
				SWIFT_VERSION = 5.0;
				TARGETED_DEVICE_FAMILY = "1,2";
			};
			name = Debug;
		};
		54105269230C0FBF0046FB64 /* Release */ = {
			isa = XCBuildConfiguration;
			buildSettings = {
				ASSETCATALOG_COMPILER_APPICON_NAME = AppIcon;
				CODE_SIGN_IDENTITY = "iPhone Developer";
				CODE_SIGN_STYLE = Automatic;
				DEVELOPMENT_TEAM = JPKR9UY5JW;
				INFOPLIST_FILE = VotingSwipeView/Info.plist;
				LD_RUNPATH_SEARCH_PATHS = (
					"$(inherited)",
					"@executable_path/Frameworks",
				);
				PRODUCT_BUNDLE_IDENTIFIER = com.chackle.VotingSwipeView;
				PRODUCT_NAME = "$(TARGET_NAME)";
				PROVISIONING_PROFILE_SPECIFIER = "";
				SWIFT_VERSION = 5.0;
				TARGETED_DEVICE_FAMILY = "1,2";
			};
			name = Release;
		};
/* End XCBuildConfiguration section */

/* Begin XCConfigurationList section */
		54105250230C0FBD0046FB64 /* Build configuration list for PBXProject "VotingSwipeView" */ = {
			isa = XCConfigurationList;
			buildConfigurations = (
				54105265230C0FBF0046FB64 /* Debug */,
				54105266230C0FBF0046FB64 /* Release */,
			);
			defaultConfigurationIsVisible = 0;
			defaultConfigurationName = Release;
		};
		54105267230C0FBF0046FB64 /* Build configuration list for PBXNativeTarget "VotingSwipeView" */ = {
			isa = XCConfigurationList;
			buildConfigurations = (
				54105268230C0FBF0046FB64 /* Debug */,
				54105269230C0FBF0046FB64 /* Release */,
			);
			defaultConfigurationIsVisible = 0;
			defaultConfigurationName = Release;
		};
/* End XCConfigurationList section */
	};
	rootObject = 5410524D230C0FBD0046FB64 /* Project object */;
}
